// !$*UTF8*$!
{
	archiveVersion = 1;
	classes = {
	};
	objectVersion = 48;
	objects = {

/* Begin PBXBuildFile section */
		CA01B27F205A410700754F81 /* AppDelegate.m in Sources */ = {isa = PBXBuildFile; fileRef = CA01B27E205A410700754F81 /* AppDelegate.m */; };
		CA01B282205A410700754F81 /* ViewController.m in Sources */ = {isa = PBXBuildFile; fileRef = CA01B281205A410700754F81 /* ViewController.m */; };
		CA01B285205A410700754F81 /* Main.storyboard in Resources */ = {isa = PBXBuildFile; fileRef = CA01B283205A410700754F81 /* Main.storyboard */; };
		CA01B287205A410700754F81 /* Assets.xcassets in Resources */ = {isa = PBXBuildFile; fileRef = CA01B286205A410700754F81 /* Assets.xcassets */; };
		CA01B28A205A410700754F81 /* LaunchScreen.storyboard in Resources */ = {isa = PBXBuildFile; fileRef = CA01B288205A410700754F81 /* LaunchScreen.storyboard */; };
		CA01B28D205A410700754F81 /* main.m in Sources */ = {isa = PBXBuildFile; fileRef = CA01B28C205A410700754F81 /* main.m */; };
		D01BD30020FD90A600605256 /* jpush-ios-3.0.8.a in Frameworks */ = {isa = PBXBuildFile; fileRef = D01BD2FC20FD90A600605256 /* jpush-ios-3.0.8.a */; };
		D01BD30120FD90A600605256 /* jcore-ios-1.1.7.a in Frameworks */ = {isa = PBXBuildFile; fileRef = D01BD2FE20FD90A600605256 /* jcore-ios-1.1.7.a */; };
		D01BD30420FD91BF00605256 /* AdSupport.framework in Frameworks */ = {isa = PBXBuildFile; fileRef = D01BD30320FD91BF00605256 /* AdSupport.framework */; };
		D01BD30620FD921D00605256 /* CFNetwork.framework in Frameworks */ = {isa = PBXBuildFile; fileRef = D01BD30520FD921D00605256 /* CFNetwork.framework */; };
		D01BD30820FD922600605256 /* CoreFoundation.framework in Frameworks */ = {isa = PBXBuildFile; fileRef = D01BD30720FD922600605256 /* CoreFoundation.framework */; };
		D01BD30A20FD922E00605256 /* CoreTelephony.framework in Frameworks */ = {isa = PBXBuildFile; fileRef = D01BD30920FD922E00605256 /* CoreTelephony.framework */; };
		D01BD30C20FD923C00605256 /* SystemConfiguration.framework in Frameworks */ = {isa = PBXBuildFile; fileRef = D01BD30B20FD923C00605256 /* SystemConfiguration.framework */; };
		D01BD30E20FD924400605256 /* CoreGraphics.framework in Frameworks */ = {isa = PBXBuildFile; fileRef = D01BD30D20FD924400605256 /* CoreGraphics.framework */; };
		D01BD31020FD924B00605256 /* Foundation.framework in Frameworks */ = {isa = PBXBuildFile; fileRef = D01BD30F20FD924B00605256 /* Foundation.framework */; };
		D01BD31220FD925200605256 /* UIKit.framework in Frameworks */ = {isa = PBXBuildFile; fileRef = D01BD31120FD925200605256 /* UIKit.framework */; };
		D01BD31420FD925A00605256 /* Security.framework in Frameworks */ = {isa = PBXBuildFile; fileRef = D01BD31320FD925A00605256 /* Security.framework */; };
		D01BD31620FD926100605256 /* libz.tbd in Frameworks */ = {isa = PBXBuildFile; fileRef = D01BD31520FD926100605256 /* libz.tbd */; };
		D01BD31820FD926C00605256 /* UserNotifications.framework in Frameworks */ = {isa = PBXBuildFile; fileRef = D01BD31720FD926C00605256 /* UserNotifications.framework */; };
		D01BD31A20FD927700605256 /* libresolv.tbd in Frameworks */ = {isa = PBXBuildFile; fileRef = D01BD31920FD927700605256 /* libresolv.tbd */; };
/* End PBXBuildFile section */

/* Begin PBXFileReference section */
		CA01B27A205A410700754F81 /* LWAnimations.app */ = {isa = PBXFileReference; explicitFileType = wrapper.application; includeInIndex = 0; path = LWAnimations.app; sourceTree = BUILT_PRODUCTS_DIR; };
		CA01B27D205A410700754F81 /* AppDelegate.h */ = {isa = PBXFileReference; lastKnownFileType = sourcecode.c.h; path = AppDelegate.h; sourceTree = "<group>"; };
		CA01B27E205A410700754F81 /* AppDelegate.m */ = {isa = PBXFileReference; lastKnownFileType = sourcecode.c.objc; path = AppDelegate.m; sourceTree = "<group>"; };
		CA01B280205A410700754F81 /* ViewController.h */ = {isa = PBXFileReference; lastKnownFileType = sourcecode.c.h; path = ViewController.h; sourceTree = "<group>"; };
		CA01B281205A410700754F81 /* ViewController.m */ = {isa = PBXFileReference; lastKnownFileType = sourcecode.c.objc; path = ViewController.m; sourceTree = "<group>"; };
		CA01B284205A410700754F81 /* Base */ = {isa = PBXFileReference; lastKnownFileType = file.storyboard; name = Base; path = Base.lproj/Main.storyboard; sourceTree = "<group>"; };
		CA01B286205A410700754F81 /* Assets.xcassets */ = {isa = PBXFileReference; lastKnownFileType = folder.assetcatalog; path = Assets.xcassets; sourceTree = "<group>"; };
		CA01B289205A410700754F81 /* Base */ = {isa = PBXFileReference; lastKnownFileType = file.storyboard; name = Base; path = Base.lproj/LaunchScreen.storyboard; sourceTree = "<group>"; };
		CA01B28B205A410700754F81 /* Info.plist */ = {isa = PBXFileReference; lastKnownFileType = text.plist.xml; path = Info.plist; sourceTree = "<group>"; };
		CA01B28C205A410700754F81 /* main.m */ = {isa = PBXFileReference; lastKnownFileType = sourcecode.c.objc; path = main.m; sourceTree = "<group>"; };
		D01BD2FC20FD90A600605256 /* jpush-ios-3.0.8.a */ = {isa = PBXFileReference; lastKnownFileType = archive.ar; path = "jpush-ios-3.0.8.a"; sourceTree = "<group>"; };
		D01BD2FD20FD90A600605256 /* JPushNotificationExtensionService.h */ = {isa = PBXFileReference; fileEncoding = 4; lastKnownFileType = sourcecode.c.h; path = JPushNotificationExtensionService.h; sourceTree = "<group>"; };
		D01BD2FE20FD90A600605256 /* jcore-ios-1.1.7.a */ = {isa = PBXFileReference; lastKnownFileType = archive.ar; path = "jcore-ios-1.1.7.a"; sourceTree = "<group>"; };
		D01BD2FF20FD90A600605256 /* JPUSHService.h */ = {isa = PBXFileReference; fileEncoding = 4; lastKnownFileType = sourcecode.c.h; path = JPUSHService.h; sourceTree = "<group>"; };
		D01BD30320FD91BF00605256 /* AdSupport.framework */ = {isa = PBXFileReference; lastKnownFileType = wrapper.framework; name = AdSupport.framework; path = System/Library/Frameworks/AdSupport.framework; sourceTree = SDKROOT; };
		D01BD30520FD921D00605256 /* CFNetwork.framework */ = {isa = PBXFileReference; lastKnownFileType = wrapper.framework; name = CFNetwork.framework; path = System/Library/Frameworks/CFNetwork.framework; sourceTree = SDKROOT; };
		D01BD30720FD922600605256 /* CoreFoundation.framework */ = {isa = PBXFileReference; lastKnownFileType = wrapper.framework; name = CoreFoundation.framework; path = System/Library/Frameworks/CoreFoundation.framework; sourceTree = SDKROOT; };
		D01BD30920FD922E00605256 /* CoreTelephony.framework */ = {isa = PBXFileReference; lastKnownFileType = wrapper.framework; name = CoreTelephony.framework; path = System/Library/Frameworks/CoreTelephony.framework; sourceTree = SDKROOT; };
		D01BD30B20FD923C00605256 /* SystemConfiguration.framework */ = {isa = PBXFileReference; lastKnownFileType = wrapper.framework; name = SystemConfiguration.framework; path = System/Library/Frameworks/SystemConfiguration.framework; sourceTree = SDKROOT; };
		D01BD30D20FD924400605256 /* CoreGraphics.framework */ = {isa = PBXFileReference; lastKnownFileType = wrapper.framework; name = CoreGraphics.framework; path = System/Library/Frameworks/CoreGraphics.framework; sourceTree = SDKROOT; };
		D01BD30F20FD924B00605256 /* Foundation.framework */ = {isa = PBXFileReference; lastKnownFileType = wrapper.framework; name = Foundation.framework; path = System/Library/Frameworks/Foundation.framework; sourceTree = SDKROOT; };
		D01BD31120FD925200605256 /* UIKit.framework */ = {isa = PBXFileReference; lastKnownFileType = wrapper.framework; name = UIKit.framework; path = System/Library/Frameworks/UIKit.framework; sourceTree = SDKROOT; };
		D01BD31320FD925A00605256 /* Security.framework */ = {isa = PBXFileReference; lastKnownFileType = wrapper.framework; name = Security.framework; path = System/Library/Frameworks/Security.framework; sourceTree = SDKROOT; };
		D01BD31520FD926100605256 /* libz.tbd */ = {isa = PBXFileReference; lastKnownFileType = "sourcecode.text-based-dylib-definition"; name = libz.tbd; path = usr/lib/libz.tbd; sourceTree = SDKROOT; };
		D01BD31720FD926C00605256 /* UserNotifications.framework */ = {isa = PBXFileReference; lastKnownFileType = wrapper.framework; name = UserNotifications.framework; path = System/Library/Frameworks/UserNotifications.framework; sourceTree = SDKROOT; };
		D01BD31920FD927700605256 /* libresolv.tbd */ = {isa = PBXFileReference; lastKnownFileType = "sourcecode.text-based-dylib-definition"; name = libresolv.tbd; path = usr/lib/libresolv.tbd; sourceTree = SDKROOT; };
		D01BD31B20FD929E00605256 /* LWAnimations.entitlements */ = {isa = PBXFileReference; lastKnownFileType = text.plist.entitlements; path = LWAnimations.entitlements; sourceTree = "<group>"; };
/* End PBXFileReference section */

/* Begin PBXFrameworksBuildPhase section */
		CA01B277205A410700754F81 /* Frameworks */ = {
			isa = PBXFrameworksBuildPhase;
			buildActionMask = 2147483647;
			files = (
				D01BD31A20FD927700605256 /* libresolv.tbd in Frameworks */,
				D01BD31820FD926C00605256 /* UserNotifications.framework in Frameworks */,
				D01BD31620FD926100605256 /* libz.tbd in Frameworks */,
				D01BD31420FD925A00605256 /* Security.framework in Frameworks */,
				D01BD31220FD925200605256 /* UIKit.framework in Frameworks */,
				D01BD31020FD924B00605256 /* Foundation.framework in Frameworks */,
				D01BD30E20FD924400605256 /* CoreGraphics.framework in Frameworks */,
				D01BD30C20FD923C00605256 /* SystemConfiguration.framework in Frameworks */,
				D01BD30A20FD922E00605256 /* CoreTelephony.framework in Frameworks */,
				D01BD30820FD922600605256 /* CoreFoundation.framework in Frameworks */,
				D01BD30620FD921D00605256 /* CFNetwork.framework in Frameworks */,
				D01BD30420FD91BF00605256 /* AdSupport.framework in Frameworks */,
				D01BD30020FD90A600605256 /* jpush-ios-3.0.8.a in Frameworks */,
				D01BD30120FD90A600605256 /* jcore-ios-1.1.7.a in Frameworks */,
			);
			runOnlyForDeploymentPostprocessing = 0;
		};
/* End PBXFrameworksBuildPhase section */

/* Begin PBXGroup section */
		CA01B271205A410700754F81 = {
			isa = PBXGroup;
			children = (
				CA01B27C205A410700754F81 /* LWAnimations */,
				CA01B27B205A410700754F81 /* Products */,
				D01BD30220FD91BF00605256 /* Frameworks */,
			);
			sourceTree = "<group>";
		};
		CA01B27B205A410700754F81 /* Products */ = {
			isa = PBXGroup;
			children = (
				CA01B27A205A410700754F81 /* LWAnimations.app */,
			);
			name = Products;
			sourceTree = "<group>";
		};
		CA01B27C205A410700754F81 /* LWAnimations */ = {
			isa = PBXGroup;
			children = (
				D01BD31B20FD929E00605256 /* LWAnimations.entitlements */,
				D01BD2FB20FD90A600605256 /* JGPush */,
				CA01B27D205A410700754F81 /* AppDelegate.h */,
				CA01B27E205A410700754F81 /* AppDelegate.m */,
				CA01B280205A410700754F81 /* ViewController.h */,
				CA01B281205A410700754F81 /* ViewController.m */,
				CA01B283205A410700754F81 /* Main.storyboard */,
				CA01B286205A410700754F81 /* Assets.xcassets */,
				CA01B288205A410700754F81 /* LaunchScreen.storyboard */,
				CA01B28B205A410700754F81 /* Info.plist */,
				CA01B28C205A410700754F81 /* main.m */,
			);
			path = LWAnimations;
			sourceTree = "<group>";
		};
		D01BD2FB20FD90A600605256 /* JGPush */ = {
			isa = PBXGroup;
			children = (
				D01BD2FC20FD90A600605256 /* jpush-ios-3.0.8.a */,
				D01BD2FD20FD90A600605256 /* JPushNotificationExtensionService.h */,
				D01BD2FE20FD90A600605256 /* jcore-ios-1.1.7.a */,
				D01BD2FF20FD90A600605256 /* JPUSHService.h */,
			);
			path = JGPush;
			sourceTree = "<group>";
		};
		D01BD30220FD91BF00605256 /* Frameworks */ = {
			isa = PBXGroup;
			children = (
				D01BD31920FD927700605256 /* libresolv.tbd */,
				D01BD31720FD926C00605256 /* UserNotifications.framework */,
				D01BD31520FD926100605256 /* libz.tbd */,
				D01BD31320FD925A00605256 /* Security.framework */,
				D01BD31120FD925200605256 /* UIKit.framework */,
				D01BD30F20FD924B00605256 /* Foundation.framework */,
				D01BD30D20FD924400605256 /* CoreGraphics.framework */,
				D01BD30B20FD923C00605256 /* SystemConfiguration.framework */,
				D01BD30920FD922E00605256 /* CoreTelephony.framework */,
				D01BD30720FD922600605256 /* CoreFoundation.framework */,
				D01BD30520FD921D00605256 /* CFNetwork.framework */,
				D01BD30320FD91BF00605256 /* AdSupport.framework */,
			);
			name = Frameworks;
			sourceTree = "<group>";
		};
/* End PBXGroup section */

/* Begin PBXNativeTarget section */
		CA01B279205A410700754F81 /* LWAnimations */ = {
			isa = PBXNativeTarget;
			buildConfigurationList = CA01B290205A410700754F81 /* Build configuration list for PBXNativeTarget "LWAnimations" */;
			buildPhases = (
				CA01B276205A410700754F81 /* Sources */,
				CA01B277205A410700754F81 /* Frameworks */,
				CA01B278205A410700754F81 /* Resources */,
			);
			buildRules = (
			);
			dependencies = (
			);
			name = LWAnimations;
			productName = LWAnimations;
			productReference = CA01B27A205A410700754F81 /* LWAnimations.app */;
			productType = "com.apple.product-type.application";
		};
/* End PBXNativeTarget section */

/* Begin PBXProject section */
		CA01B272205A410700754F81 /* Project object */ = {
			isa = PBXProject;
			attributes = {
				LastUpgradeCheck = 0920;
				ORGANIZATIONNAME = LW;
				TargetAttributes = {
					CA01B279205A410700754F81 = {
						CreatedOnToolsVersion = 9.2;
						ProvisioningStyle = Automatic;
						SystemCapabilities = {
							com.apple.Push = {
								enabled = 1;
							};
						};
					};
				};
			};
			buildConfigurationList = CA01B275205A410700754F81 /* Build configuration list for PBXProject "LWAnimations" */;
			compatibilityVersion = "Xcode 8.0";
			developmentRegion = en;
			hasScannedForEncodings = 0;
			knownRegions = (
				en,
				Base,
			);
			mainGroup = CA01B271205A410700754F81;
			productRefGroup = CA01B27B205A410700754F81 /* Products */;
			projectDirPath = "";
			projectRoot = "";
			targets = (
				CA01B279205A410700754F81 /* LWAnimations */,
			);
		};
/* End PBXProject section */

/* Begin PBXResourcesBuildPhase section */
		CA01B278205A410700754F81 /* Resources */ = {
			isa = PBXResourcesBuildPhase;
			buildActionMask = 2147483647;
			files = (
				CA01B28A205A410700754F81 /* LaunchScreen.storyboard in Resources */,
				CA01B287205A410700754F81 /* Assets.xcassets in Resources */,
				CA01B285205A410700754F81 /* Main.storyboard in Resources */,
			);
			runOnlyForDeploymentPostprocessing = 0;
		};
/* End PBXResourcesBuildPhase section */

/* Begin PBXSourcesBuildPhase section */
		CA01B276205A410700754F81 /* Sources */ = {
			isa = PBXSourcesBuildPhase;
			buildActionMask = 2147483647;
			files = (
				CA01B282205A410700754F81 /* ViewController.m in Sources */,
				CA01B28D205A410700754F81 /* main.m in Sources */,
				CA01B27F205A410700754F81 /* AppDelegate.m in Sources */,
			);
			runOnlyForDeploymentPostprocessing = 0;
		};
/* End PBXSourcesBuildPhase section */

/* Begin PBXVariantGroup section */
		CA01B283205A410700754F81 /* Main.storyboard */ = {
			isa = PBXVariantGroup;
			children = (
				CA01B284205A410700754F81 /* Base */,
			);
			name = Main.storyboard;
			sourceTree = "<group>";
		};
		CA01B288205A410700754F81 /* LaunchScreen.storyboard */ = {
			isa = PBXVariantGroup;
			children = (
				CA01B289205A410700754F81 /* Base */,
			);
			name = LaunchScreen.storyboard;
			sourceTree = "<group>";
		};
/* End PBXVariantGroup section */

/* Begin XCBuildConfiguration section */
		CA01B28E205A410700754F81 /* Debug */ = {
			isa = XCBuildConfiguration;
			buildSettings = {
				ALWAYS_SEARCH_USER_PATHS = NO;
				CLANG_ANALYZER_NONNULL = YES;
				CLANG_ANALYZER_NUMBER_OBJECT_CONVERSION = YES_AGGRESSIVE;
				CLANG_CXX_LANGUAGE_STANDARD = "gnu++14";
				CLANG_CXX_LIBRARY = "libc++";
				CLANG_ENABLE_MODULES = YES;
				CLANG_ENABLE_OBJC_ARC = YES;
				CLANG_WARN_BLOCK_CAPTURE_AUTORELEASING = YES;
				CLANG_WARN_BOOL_CONVERSION = YES;
				CLANG_WARN_COMMA = YES;
				CLANG_WARN_CONSTANT_CONVERSION = YES;
				CLANG_WARN_DIRECT_OBJC_ISA_USAGE = YES_ERROR;
				CLANG_WARN_DOCUMENTATION_COMMENTS = YES;
				CLANG_WARN_EMPTY_BODY = YES;
				CLANG_WARN_ENUM_CONVERSION = YES;
				CLANG_WARN_INFINITE_RECURSION = YES;
				CLANG_WARN_INT_CONVERSION = YES;
				CLANG_WARN_NON_LITERAL_NULL_CONVERSION = YES;
				CLANG_WARN_OBJC_LITERAL_CONVERSION = YES;
				CLANG_WARN_OBJC_ROOT_CLASS = YES_ERROR;
				CLANG_WARN_RANGE_LOOP_ANALYSIS = YES;
				CLANG_WARN_STRICT_PROTOTYPES = YES;
				CLANG_WARN_SUSPICIOUS_MOVE = YES;
				CLANG_WARN_UNGUARDED_AVAILABILITY = YES_AGGRESSIVE;
				CLANG_WARN_UNREACHABLE_CODE = YES;
				CLANG_WARN__DUPLICATE_METHOD_MATCH = YES;
				CODE_SIGN_IDENTITY = "iPhone Developer";
				COPY_PHASE_STRIP = NO;
				DEBUG_INFORMATION_FORMAT = dwarf;
				ENABLE_STRICT_OBJC_MSGSEND = YES;
				ENABLE_TESTABILITY = YES;
				GCC_C_LANGUAGE_STANDARD = gnu11;
				GCC_DYNAMIC_NO_PIC = NO;
				GCC_NO_COMMON_BLOCKS = YES;
				GCC_OPTIMIZATION_LEVEL = 0;
				GCC_PREPROCESSOR_DEFINITIONS = (
					"DEBUG=1",
					"$(inherited)",
				);
				GCC_WARN_64_TO_32_BIT_CONVERSION = YES;
				GCC_WARN_ABOUT_RETURN_TYPE = YES_ERROR;
				GCC_WARN_UNDECLARED_SELECTOR = YES;
				GCC_WARN_UNINITIALIZED_AUTOS = YES_AGGRESSIVE;
				GCC_WARN_UNUSED_FUNCTION = YES;
				GCC_WARN_UNUSED_VARIABLE = YES;
				IPHONEOS_DEPLOYMENT_TARGET = 11.2;
				MTL_ENABLE_DEBUG_INFO = YES;
				ONLY_ACTIVE_ARCH = YES;
				SDKROOT = iphoneos;
			};
			name = Debug;
		};
		CA01B28F205A410700754F81 /* Release */ = {
			isa = XCBuildConfiguration;
			buildSettings = {
				ALWAYS_SEARCH_USER_PATHS = NO;
				CLANG_ANALYZER_NONNULL = YES;
				CLANG_ANALYZER_NUMBER_OBJECT_CONVERSION = YES_AGGRESSIVE;
				CLANG_CXX_LANGUAGE_STANDARD = "gnu++14";
				CLANG_CXX_LIBRARY = "libc++";
				CLANG_ENABLE_MODULES = YES;
				CLANG_ENABLE_OBJC_ARC = YES;
				CLANG_WARN_BLOCK_CAPTURE_AUTORELEASING = YES;
				CLANG_WARN_BOOL_CONVERSION = YES;
				CLANG_WARN_COMMA = YES;
				CLANG_WARN_CONSTANT_CONVERSION = YES;
				CLANG_WARN_DIRECT_OBJC_ISA_USAGE = YES_ERROR;
				CLANG_WARN_DOCUMENTATION_COMMENTS = YES;
				CLANG_WARN_EMPTY_BODY = YES;
				CLANG_WARN_ENUM_CONVERSION = YES;
				CLANG_WARN_INFINITE_RECURSION = YES;
				CLANG_WARN_INT_CONVERSION = YES;
				CLANG_WARN_NON_LITERAL_NULL_CONVERSION = YES;
				CLANG_WARN_OBJC_LITERAL_CONVERSION = YES;
				CLANG_WARN_OBJC_ROOT_CLASS = YES_ERROR;
				CLANG_WARN_RANGE_LOOP_ANALYSIS = YES;
				CLANG_WARN_STRICT_PROTOTYPES = YES;
				CLANG_WARN_SUSPICIOUS_MOVE = YES;
				CLANG_WARN_UNGUARDED_AVAILABILITY = YES_AGGRESSIVE;
				CLANG_WARN_UNREACHABLE_CODE = YES;
				CLANG_WARN__DUPLICATE_METHOD_MATCH = YES;
				CODE_SIGN_IDENTITY = "iPhone Developer";
				COPY_PHASE_STRIP = NO;
				DEBUG_INFORMATION_FORMAT = "dwarf-with-dsym";
				ENABLE_NS_ASSERTIONS = NO;
				ENABLE_STRICT_OBJC_MSGSEND = YES;
				GCC_C_LANGUAGE_STANDARD = gnu11;
				GCC_NO_COMMON_BLOCKS = YES;
				GCC_WARN_64_TO_32_BIT_CONVERSION = YES;
				GCC_WARN_ABOUT_RETURN_TYPE = YES_ERROR;
				GCC_WARN_UNDECLARED_SELECTOR = YES;
				GCC_WARN_UNINITIALIZED_AUTOS = YES_AGGRESSIVE;
				GCC_WARN_UNUSED_FUNCTION = YES;
				GCC_WARN_UNUSED_VARIABLE = YES;
				IPHONEOS_DEPLOYMENT_TARGET = 11.2;
				MTL_ENABLE_DEBUG_INFO = NO;
				SDKROOT = iphoneos;
				VALIDATE_PRODUCT = YES;
			};
			name = Release;
		};
		CA01B291205A410700754F81 /* Debug */ = {
			isa = XCBuildConfiguration;
			buildSettings = {
				ASSETCATALOG_COMPILER_APPICON_NAME = AppIcon;
				CODE_SIGN_ENTITLEMENTS = LWAnimations/LWAnimations.entitlements;
				CODE_SIGN_STYLE = Automatic;
				DEVELOPMENT_TEAM = 2S87YM5WH6;
				INFOPLIST_FILE = LWAnimations/Info.plist;
				LD_RUNPATH_SEARCH_PATHS = "$(inherited) @executable_path/Frameworks";
				LIBRARY_SEARCH_PATHS = (
					"$(inherited)",
					"$(PROJECT_DIR)/LWAnimations/JGPush",
				);
				PRODUCT_BUNDLE_IDENTIFIER = com.JCP.WT;
				PRODUCT_NAME = "$(TARGET_NAME)";
				TARGETED_DEVICE_FAMILY = "1,2";
			};
			name = Debug;
		};
		CA01B292205A410700754F81 /* Release */ = {
			isa = XCBuildConfiguration;
			buildSettings = {
				ASSETCATALOG_COMPILER_APPICON_NAME = AppIcon;
				CODE_SIGN_ENTITLEMENTS = LWAnimations/LWAnimations.entitlements;
				CODE_SIGN_STYLE = Automatic;
				DEVELOPMENT_TEAM = 2S87YM5WH6;
				INFOPLIST_FILE = LWAnimations/Info.plist;
				LD_RUNPATH_SEARCH_PATHS = "$(inherited) @executable_path/Frameworks";
				LIBRARY_SEARCH_PATHS = (
					"$(inherited)",
					"$(PROJECT_DIR)/LWAnimations/JGPush",
				);
				PRODUCT_BUNDLE_IDENTIFIER = com.JCP.WT;
				PRODUCT_NAME = "$(TARGET_NAME)";
				TARGETED_DEVICE_FAMILY = "1,2";
			};
			name = Release;
		};
/* End XCBuildConfiguration section */

/* Begin XCConfigurationList section */
		CA01B275205A410700754F81 /* Build configuration list for PBXProject "LWAnimations" */ = {
			isa = XCConfigurationList;
			buildConfigurations = (
				CA01B28E205A410700754F81 /* Debug */,
				CA01B28F205A410700754F81 /* Release */,
			);
			defaultConfigurationIsVisible = 0;
			defaultConfigurationName = Release;
		};
		CA01B290205A410700754F81 /* Build configuration list for PBXNativeTarget "LWAnimations" */ = {
			isa = XCConfigurationList;
			buildConfigurations = (
				CA01B291205A410700754F81 /* Debug */,
				CA01B292205A410700754F81 /* Release */,
			);
			defaultConfigurationIsVisible = 0;
			defaultConfigurationName = Release;
		};
/* End XCConfigurationList section */
	};
	rootObject = CA01B272205A410700754F81 /* Project object */;
}
